
Microsoft Visual Studio Solution File, Format Version 12.00
# Visual Studio 15
VisualStudioVersion = 15.0.26430.6
MinimumVisualStudioVersion = 10.0.40219.1
Project("{FAE04EC0-301F-11D3-BF4B-00C04F79EFBC}") = "BotEngine", "BOTFirst\BotEngine.csproj", "{B56C2FF1-B516-4062-A695-A36EC47B6D58}"
EndProject
Project("{FAE04EC0-301F-11D3-BF4B-00C04F79EFBC}") = "SpellChecker", "SpellChecker\SpellChecker.csproj", "{DB25092D-EFE7-4BAB-B93F-87B8BD12D7C3}"
EndProject
Project("{FAE04EC0-301F-11D3-BF4B-00C04F79EFBC}") = "EntityModel", "EntityModel\EntityModel.csproj", "{B358DD38-6126-4BCD-AE0C-7C8CC37C64B8}"
EndProject
Global
	GlobalSection(SolutionConfigurationPlatforms) = preSolution
		Debug|Any CPU = Debug|Any CPU
		Release|Any CPU = Release|Any CPU
	EndGlobalSection
	GlobalSection(ProjectConfigurationPlatforms) = postSolution
		{B56C2FF1-B516-4062-A695-A36EC47B6D58}.Debug|Any CPU.ActiveCfg = Debug|Any CPU
		{B56C2FF1-B516-4062-A695-A36EC47B6D58}.Debug|Any CPU.Build.0 = Debug|Any CPU
		{B56C2FF1-B516-4062-A695-A36EC47B6D58}.Release|Any CPU.ActiveCfg = Release|Any CPU
		{B56C2FF1-B516-4062-A695-A36EC47B6D58}.Release|Any CPU.Build.0 = Release|Any CPU
		{DB25092D-EFE7-4BAB-B93F-87B8BD12D7C3}.Debug|Any CPU.ActiveCfg = Debug|Any CPU
		{DB25092D-EFE7-4BAB-B93F-87B8BD12D7C3}.Debug|Any CPU.Build.0 = Debug|Any CPU
		{DB25092D-EFE7-4BAB-B93F-87B8BD12D7C3}.Release|Any CPU.ActiveCfg = Release|Any CPU
		{DB25092D-EFE7-4BAB-B93F-87B8BD12D7C3}.Release|Any CPU.Build.0 = Release|Any CPU
		{B358DD38-6126-4BCD-AE0C-7C8CC37C64B8}.Debug|Any CPU.ActiveCfg = Release|Any CPU
		{B358DD38-6126-4BCD-AE0C-7C8CC37C64B8}.Debug|Any CPU.Build.0 = Release|Any CPU
		{B358DD38-6126-4BCD-AE0C-7C8CC37C64B8}.Release|Any CPU.ActiveCfg = Release|Any CPU
		{B358DD38-6126-4BCD-AE0C-7C8CC37C64B8}.Release|Any CPU.Build.0 = Release|Any CPU
	EndGlobalSection
	GlobalSection(SolutionProperties) = preSolution
		HideSolutionNode = FALSE
	EndGlobalSection
EndGlobal
